// !$*UTF8*$!
{
	archiveVersion = 1;
	classes = {
	};
	objectVersion = 46;
	objects = {

/* Begin PBXBuildFile section */
		04D3A6D31D30B45A0003AF9B /* main.m in Sources */ = {isa = PBXBuildFile; fileRef = 04D3A6D21D30B45A0003AF9B /* main.m */; };
		04D3A6D61D30B45A0003AF9B /* AppDelegate.m in Sources */ = {isa = PBXBuildFile; fileRef = 04D3A6D51D30B45A0003AF9B /* AppDelegate.m */; };
		04D3A6D91D30B45A0003AF9B /* ViewController.m in Sources */ = {isa = PBXBuildFile; fileRef = 04D3A6D81D30B45A0003AF9B /* ViewController.m */; };
		04D3A6DC1D30B45A0003AF9B /* Main.storyboard in Resources */ = {isa = PBXBuildFile; fileRef = 04D3A6DA1D30B45A0003AF9B /* Main.storyboard */; };
		04D3A6DE1D30B45A0003AF9B /* Assets.xcassets in Resources */ = {isa = PBXBuildFile; fileRef = 04D3A6DD1D30B45A0003AF9B /* Assets.xcassets */; };
		04D3A6E11D30B45A0003AF9B /* LaunchScreen.storyboard in Resources */ = {isa = PBXBuildFile; fileRef = 04D3A6DF1D30B45A0003AF9B /* LaunchScreen.storyboard */; };
		04F01AA71D30D10000FD4273 /* index.html in Resources */ = {isa = PBXBuildFile; fileRef = 04F01AA61D30D10000FD4273 /* index.html */; };
		04F01AA91D30DC8600FD4273 /* JavaScriptCore.framework in Frameworks */ = {isa = PBXBuildFile; fileRef = 04F01AA81D30DC8600FD4273 /* JavaScriptCore.framework */; };
/* End PBXBuildFile section */

/* Begin PBXFileReference section */
		04D3A6CE1D30B45A0003AF9B /* JS与OC交互Demo.app */ = {isa = PBXFileReference; explicitFileType = wrapper.application; includeInIndex = 0; path = "JS与OC交互Demo.app"; sourceTree = BUILT_PRODUCTS_DIR; };
		04D3A6D21D30B45A0003AF9B /* main.m */ = {isa = PBXFileReference; lastKnownFileType = sourcecode.c.objc; path = main.m; sourceTree = "<group>"; };
		04D3A6D41D30B45A0003AF9B /* AppDelegate.h */ = {isa = PBXFileReference; lastKnownFileType = sourcecode.c.h; path = AppDelegate.h; sourceTree = "<group>"; };
		04D3A6D51D30B45A0003AF9B /* AppDelegate.m */ = {isa = PBXFileReference; lastKnownFileType = sourcecode.c.objc; path = AppDelegate.m; sourceTree = "<group>"; };
		04D3A6D71D30B45A0003AF9B /* ViewController.h */ = {isa = PBXFileReference; lastKnownFileType = sourcecode.c.h; path = ViewController.h; sourceTree = "<group>"; };
		04D3A6D81D30B45A0003AF9B /* ViewController.m */ = {isa = PBXFileReference; lastKnownFileType = sourcecode.c.objc; path = ViewController.m; sourceTree = "<group>"; };
		04D3A6DB1D30B45A0003AF9B /* Base */ = {isa = PBXFileReference; lastKnownFileType = file.storyboard; name = Base; path = Base.lproj/Main.storyboard; sourceTree = "<group>"; };
		04D3A6DD1D30B45A0003AF9B /* Assets.xcassets */ = {isa = PBXFileReference; lastKnownFileType = folder.assetcatalog; path = Assets.xcassets; sourceTree = "<group>"; };
		04D3A6E01D30B45A0003AF9B /* Base */ = {isa = PBXFileReference; lastKnownFileType = file.storyboard; name = Base; path = Base.lproj/LaunchScreen.storyboard; sourceTree = "<group>"; };
		04D3A6E21D30B45A0003AF9B /* Info.plist */ = {isa = PBXFileReference; lastKnownFileType = text.plist.xml; path = Info.plist; sourceTree = "<group>"; };
		04F01AA61D30D10000FD4273 /* index.html */ = {isa = PBXFileReference; fileEncoding = 4; lastKnownFileType = text.html; path = index.html; sourceTree = "<group>"; };
		04F01AA81D30DC8600FD4273 /* JavaScriptCore.framework */ = {isa = PBXFileReference; lastKnownFileType = wrapper.framework; name = JavaScriptCore.framework; path = System/Library/Frameworks/JavaScriptCore.framework; sourceTree = SDKROOT; };
/* End PBXFileReference section */

/* Begin PBXFrameworksBuildPhase section */
		04D3A6CB1D30B45A0003AF9B /* Frameworks */ = {
			isa = PBXFrameworksBuildPhase;
			buildActionMask = 2147483647;
			files = (
				04F01AA91D30DC8600FD4273 /* JavaScriptCore.framework in Frameworks */,
			);
			runOnlyForDeploymentPostprocessing = 0;
		};
/* End PBXFrameworksBuildPhase section */

/* Begin PBXGroup section */
		04D3A6C51D30B45A0003AF9B = {
			isa = PBXGroup;
			children = (
				04F01AA81D30DC8600FD4273 /* JavaScriptCore.framework */,
				04D3A6D01D30B45A0003AF9B /* JS与OC交互Demo */,
				04D3A6CF1D30B45A0003AF9B /* Products */,
			);
			sourceTree = "<group>";
		};
		04D3A6CF1D30B45A0003AF9B /* Products */ = {
			isa = PBXGroup;
			children = (
				04D3A6CE1D30B45A0003AF9B /* JS与OC交互Demo.app */,
			);
			name = Products;
			sourceTree = "<group>";
		};
		04D3A6D01D30B45A0003AF9B /* JS与OC交互Demo */ = {
			isa = PBXGroup;
			children = (
				04F01AA61D30D10000FD4273 /* index.html */,
				04D3A6D41D30B45A0003AF9B /* AppDelegate.h */,
				04D3A6D51D30B45A0003AF9B /* AppDelegate.m */,
				04D3A6D71D30B45A0003AF9B /* ViewController.h */,
				04D3A6D81D30B45A0003AF9B /* ViewController.m */,
				04D3A6DA1D30B45A0003AF9B /* Main.storyboard */,
				04D3A6DD1D30B45A0003AF9B /* Assets.xcassets */,
				04D3A6DF1D30B45A0003AF9B /* LaunchScreen.storyboard */,
				04D3A6E21D30B45A0003AF9B /* Info.plist */,
				04D3A6D11D30B45A0003AF9B /* Supporting Files */,
			);
			path = "JS与OC交互Demo";
			sourceTree = "<group>";
		};
		04D3A6D11D30B45A0003AF9B /* Supporting Files */ = {
			isa = PBXGroup;
			children = (
				04D3A6D21D30B45A0003AF9B /* main.m */,
			);
			name = "Supporting Files";
			sourceTree = "<group>";
		};
/* End PBXGroup section */

/* Begin PBXNativeTarget section */
		04D3A6CD1D30B45A0003AF9B /* JS与OC交互Demo */ = {
			isa = PBXNativeTarget;
			buildConfigurationList = 04D3A6E51D30B45A0003AF9B /* Build configuration list for PBXNativeTarget "JS与OC交互Demo" */;
			buildPhases = (
				04D3A6CA1D30B45A0003AF9B /* Sources */,
				04D3A6CB1D30B45A0003AF9B /* Frameworks */,
				04D3A6CC1D30B45A0003AF9B /* Resources */,
			);
			buildRules = (
			);
			dependencies = (
			);
			name = "JS与OC交互Demo";
			productName = "JS与OC交互Demo";
			productReference = 04D3A6CE1D30B45A0003AF9B /* JS与OC交互Demo.app */;
			productType = "com.apple.product-type.application";
		};
/* End PBXNativeTarget section */

/* Begin PBXProject section */
		04D3A6C61D30B45A0003AF9B /* Project object */ = {
			isa = PBXProject;
			attributes = {
				CLASSPREFIX = SQ;
				LastUpgradeCheck = 0730;
				ORGANIZATIONNAME = shixueqian;
				TargetAttributes = {
					04D3A6CD1D30B45A0003AF9B = {
						CreatedOnToolsVersion = 7.3.1;
					};
				};
			};
			buildConfigurationList = 04D3A6C91D30B45A0003AF9B /* Build configuration list for PBXProject "JS与OC交互Demo" */;
			compatibilityVersion = "Xcode 3.2";
			developmentRegion = English;
			hasScannedForEncodings = 0;
			knownRegions = (
				en,
				Base,
			);
			mainGroup = 04D3A6C51D30B45A0003AF9B;
			productRefGroup = 04D3A6CF1D30B45A0003AF9B /* Products */;
			projectDirPath = "";
			projectRoot = "";
			targets = (
				04D3A6CD1D30B45A0003AF9B /* JS与OC交互Demo */,
			);
		};
/* End PBXProject section */

/* Begin PBXResourcesBuildPhase section */
		04D3A6CC1D30B45A0003AF9B /* Resources */ = {
			isa = PBXResourcesBuildPhase;
			buildActionMask = 2147483647;
			files = (
				04D3A6E11D30B45A0003AF9B /* LaunchScreen.storyboard in Resources */,
				04F01AA71D30D10000FD4273 /* index.html in Resources */,
				04D3A6DE1D30B45A0003AF9B /* Assets.xcassets in Resources */,
				04D3A6DC1D30B45A0003AF9B /* Main.storyboard in Resources */,
			);
			runOnlyForDeploymentPostprocessing = 0;
		};
/* End PBXResourcesBuildPhase section */

/* Begin PBXSourcesBuildPhase section */
		04D3A6CA1D30B45A0003AF9B /* Sources */ = {
			isa = PBXSourcesBuildPhase;
			buildActionMask = 2147483647;
			files = (
				04D3A6D91D30B45A0003AF9B /* ViewController.m in Sources */,
				04D3A6D61D30B45A0003AF9B /* AppDelegate.m in Sources */,
				04D3A6D31D30B45A0003AF9B /* main.m in Sources */,
			);
			runOnlyForDeploymentPostprocessing = 0;
		};
/* End PBXSourcesBuildPhase section */

/* Begin PBXVariantGroup section */
		04D3A6DA1D30B45A0003AF9B /* Main.storyboard */ = {
			isa = PBXVariantGroup;
			children = (
				04D3A6DB1D30B45A0003AF9B /* Base */,
			);
			name = Main.storyboard;
			sourceTree = "<group>";
		};
		04D3A6DF1D30B45A0003AF9B /* LaunchScreen.storyboard */ = {
			isa = PBXVariantGroup;
			children = (
				04D3A6E01D30B45A0003AF9B /* Base */,
			);
			name = LaunchScreen.storyboard;
			sourceTree = "<group>";
		};
/* End PBXVariantGroup section */

/* Begin XCBuildConfiguration section */
		04D3A6E31D30B45A0003AF9B /* Debug */ = {
			isa = XCBuildConfiguration;
			buildSettings = {
				ALWAYS_SEARCH_USER_PATHS = NO;
				CLANG_ANALYZER_NONNULL = YES;
				CLANG_CXX_LANGUAGE_STANDARD = "gnu++0x";
				CLANG_CXX_LIBRARY = "libc++";
				CLANG_ENABLE_MODULES = YES;
				CLANG_ENABLE_OBJC_ARC = YES;
				CLANG_WARN_BOOL_CONVERSION = YES;
				CLANG_WARN_CONSTANT_CONVERSION = YES;
				CLANG_WARN_DIRECT_OBJC_ISA_USAGE = YES_ERROR;
				CLANG_WARN_EMPTY_BODY = YES;
				CLANG_WARN_ENUM_CONVERSION = YES;
				CLANG_WARN_INT_CONVERSION = YES;
				CLANG_WARN_OBJC_ROOT_CLASS = YES_ERROR;
				CLANG_WARN_UNREACHABLE_CODE = YES;
				CLANG_WARN__DUPLICATE_METHOD_MATCH = YES;
				"CODE_SIGN_IDENTITY[sdk=iphoneos*]" = "iPhone Developer";
				COPY_PHASE_STRIP = NO;
				DEBUG_INFORMATION_FORMAT = dwarf;
				ENABLE_STRICT_OBJC_MSGSEND = YES;
				ENABLE_TESTABILITY = YES;
				GCC_C_LANGUAGE_STANDARD = gnu99;
				GCC_DYNAMIC_NO_PIC = NO;
				GCC_NO_COMMON_BLOCKS = YES;
				GCC_OPTIMIZATION_LEVEL = 0;
				GCC_PREPROCESSOR_DEFINITIONS = (
					"DEBUG=1",
					"$(inherited)",
				);
				GCC_WARN_64_TO_32_BIT_CONVERSION = YES;
				GCC_WARN_ABOUT_RETURN_TYPE = YES_ERROR;
				GCC_WARN_UNDECLARED_SELECTOR = YES;
				GCC_WARN_UNINITIALIZED_AUTOS = YES_AGGRESSIVE;
				GCC_WARN_UNUSED_FUNCTION = YES;
				GCC_WARN_UNUSED_VARIABLE = YES;
				IPHONEOS_DEPLOYMENT_TARGET = 9.3;
				MTL_ENABLE_DEBUG_INFO = YES;
				ONLY_ACTIVE_ARCH = YES;
				SDKROOT = iphoneos;
				TARGETED_DEVICE_FAMILY = "1,2";
			};
			name = Debug;
		};
		04D3A6E41D30B45A0003AF9B /* Release */ = {
			isa = XCBuildConfiguration;
			buildSettings = {
				ALWAYS_SEARCH_USER_PATHS = NO;
				CLANG_ANALYZER_NONNULL = YES;
				CLANG_CXX_LANGUAGE_STANDARD = "gnu++0x";
				CLANG_CXX_LIBRARY = "libc++";
				CLANG_ENABLE_MODULES = YES;
				CLANG_ENABLE_OBJC_ARC = YES;
				CLANG_WARN_BOOL_CONVERSION = YES;
				CLANG_WARN_CONSTANT_CONVERSION = YES;
				CLANG_WARN_DIRECT_OBJC_ISA_USAGE = YES_ERROR;
				CLANG_WARN_EMPTY_BODY = YES;
				CLANG_WARN_ENUM_CONVERSION = YES;
				CLANG_WARN_INT_CONVERSION = YES;
				CLANG_WARN_OBJC_ROOT_CLASS = YES_ERROR;
				CLANG_WARN_UNREACHABLE_CODE = YES;
				CLANG_WARN__DUPLICATE_METHOD_MATCH = YES;
				"CODE_SIGN_IDENTITY[sdk=iphoneos*]" = "iPhone Developer";
				COPY_PHASE_STRIP = NO;
				DEBUG_INFORMATION_FORMAT = "dwarf-with-dsym";
				ENABLE_NS_ASSERTIONS = NO;
				ENABLE_STRICT_OBJC_MSGSEND = YES;
				GCC_C_LANGUAGE_STANDARD = gnu99;
				GCC_NO_COMMON_BLOCKS = YES;
				GCC_WARN_64_TO_32_BIT_CONVERSION = YES;
				GCC_WARN_ABOUT_RETURN_TYPE = YES_ERROR;
				GCC_WARN_UNDECLARED_SELECTOR = YES;
				GCC_WARN_UNINITIALIZED_AUTOS = YES_AGGRESSIVE;
				GCC_WARN_UNUSED_FUNCTION = YES;
				GCC_WARN_UNUSED_VARIABLE = YES;
				IPHONEOS_DEPLOYMENT_TARGET = 9.3;
				MTL_ENABLE_DEBUG_INFO = NO;
				SDKROOT = iphoneos;
				TARGETED_DEVICE_FAMILY = "1,2";
				VALIDATE_PRODUCT = YES;
			};
			name = Release;
		};
		04D3A6E61D30B45A0003AF9B /* Debug */ = {
			isa = XCBuildConfiguration;
			buildSettings = {
				ASSETCATALOG_COMPILER_APPICON_NAME = AppIcon;
				INFOPLIST_FILE = "JS与OC交互Demo/Info.plist";
				IPHONEOS_DEPLOYMENT_TARGET = 7.0;
				LD_RUNPATH_SEARCH_PATHS = "$(inherited) @executable_path/Frameworks";
				PRODUCT_BUNDLE_IDENTIFIER = "com.shixueqian.JS-OC--Demo";
				PRODUCT_NAME = "$(TARGET_NAME)";
			};
			name = Debug;
		};
		04D3A6E71D30B45A0003AF9B /* Release */ = {
			isa = XCBuildConfiguration;
			buildSettings = {
				ASSETCATALOG_COMPILER_APPICON_NAME = AppIcon;
				INFOPLIST_FILE = "JS与OC交互Demo/Info.plist";
				IPHONEOS_DEPLOYMENT_TARGET = 7.0;
				LD_RUNPATH_SEARCH_PATHS = "$(inherited) @executable_path/Frameworks";
				PRODUCT_BUNDLE_IDENTIFIER = "com.shixueqian.JS-OC--Demo";
				PRODUCT_NAME = "$(TARGET_NAME)";
			};
			name = Release;
		};
/* End XCBuildConfiguration section */

/* Begin XCConfigurationList section */
		04D3A6C91D30B45A0003AF9B /* Build configuration list for PBXProject "JS与OC交互Demo" */ = {
			isa = XCConfigurationList;
			buildConfigurations = (
				04D3A6E31D30B45A0003AF9B /* Debug */,
				04D3A6E41D30B45A0003AF9B /* Release */,
			);
			defaultConfigurationIsVisible = 0;
			defaultConfigurationName = Release;
		};
		04D3A6E51D30B45A0003AF9B /* Build configuration list for PBXNativeTarget "JS与OC交互Demo" */ = {
			isa = XCConfigurationList;
			buildConfigurations = (
				04D3A6E61D30B45A0003AF9B /* Debug */,
				04D3A6E71D30B45A0003AF9B /* Release */,
			);
			defaultConfigurationIsVisible = 0;
			defaultConfigurationName = Release;
		};
/* End XCConfigurationList section */
	};
	rootObject = 04D3A6C61D30B45A0003AF9B /* Project object */;
}
